
Microsoft Visual Studio Solution File, Format Version 12.00
# Visual Studio Version 17
VisualStudioVersion = 17.3.32819.101
MinimumVisualStudioVersion = 10.0.40219.1
Project("{FAE04EC0-301F-11D3-BF4B-00C04F79EFBC}") = "Final-LACOA", "Final-LACOA\Final-LACOA.csproj", "{501DFC8F-E9BB-4BF0-8158-B3CB425F8321}"
EndProject
Global
	GlobalSection(SolutionConfigurationPlatforms) = preSolution
		Debug|Any CPU = Debug|Any CPU
		Release|Any CPU = Release|Any CPU
	EndGlobalSection
	GlobalSection(ProjectConfigurationPlatforms) = postSolution
		{501DFC8F-E9BB-4BF0-8158-B3CB425F8321}.Debug|Any CPU.ActiveCfg = Debug|Any CPU
		{501DFC8F-E9BB-4BF0-8158-B3CB425F8321}.Debug|Any CPU.Build.0 = Debug|Any CPU
		{501DFC8F-E9BB-4BF0-8158-B3CB425F8321}.Release|Any CPU.ActiveCfg = Release|Any CPU
		{501DFC8F-E9BB-4BF0-8158-B3CB425F8321}.Release|Any CPU.Build.0 = Release|Any CPU
	EndGlobalSection
	GlobalSection(SolutionProperties) = preSolution
		HideSolutionNode = FALSE
	EndGlobalSection
	GlobalSection(ExtensibilityGlobals) = postSolution
		SolutionGuid = {68CA38FD-FFB6-48E4-8B7C-6BE7F8C69207}
	EndGlobalSection
EndGlobal
